
Microsoft Visual Studio Solution File, Format Version 12.00
# Visual Studio Version 17
VisualStudioVersion = 17.9.34622.214
MinimumVisualStudioVersion = 10.0.40219.1
Project("{FAE04EC0-301F-11D3-BF4B-00C04F79EFBC}") = "TraversalCoreProje", "TraversalCoreProje\TraversalCoreProje.csproj", "{F6EDD5A7-5ED8-4BC1-8910-7ED364C471FE}"
EndProject
Global
	GlobalSection(SolutionConfigurationPlatforms) = preSolution
		Debug|Any CPU = Debug|Any CPU
		Release|Any CPU = Release|Any CPU
	EndGlobalSection
	GlobalSection(ProjectConfigurationPlatforms) = postSolution
		{F6EDD5A7-5ED8-4BC1-8910-7ED364C471FE}.Debug|Any CPU.ActiveCfg = Debug|Any CPU
		{F6EDD5A7-5ED8-4BC1-8910-7ED364C471FE}.Debug|Any CPU.Build.0 = Debug|Any CPU
		{F6EDD5A7-5ED8-4BC1-8910-7ED364C471FE}.Release|Any CPU.ActiveCfg = Release|Any CPU
		{F6EDD5A7-5ED8-4BC1-8910-7ED364C471FE}.Release|Any CPU.Build.0 = Release|Any CPU
	EndGlobalSection
	GlobalSection(SolutionProperties) = preSolution
		HideSolutionNode = FALSE
	EndGlobalSection
	GlobalSection(ExtensibilityGlobals) = postSolution
		SolutionGuid = {4DCCDB8A-56D4-46B3-BDA8-FBE03023ACDE}
	EndGlobalSection
EndGlobal
