
Microsoft Visual Studio Solution File, Format Version 12.00
# Visual Studio Version 17
VisualStudioVersion = 17.9.34622.214
MinimumVisualStudioVersion = 10.0.40219.1
Project("{9A19103F-16F7-4668-BE54-9A1E7A4F7556}") = "TraversalCoreProje", "TraversalCoreProje\TraversalCoreProje.csproj", "{F6EDD5A7-5ED8-4BC1-8910-7ED364C471FE}"
EndProject
Project("{9A19103F-16F7-4668-BE54-9A1E7A4F7556}") = "EntityLayer", "EntityLayer\EntityLayer.csproj", "{B083DAA3-376E-4A47-B3D0-52E3F120A9DC}"
EndProject
Project("{9A19103F-16F7-4668-BE54-9A1E7A4F7556}") = "DataAccessLayer", "DataAccessLayer\DataAccessLayer.csproj", "{84600B65-E977-4FD8-BE58-FAF163AB97C2}"
EndProject
Project("{9A19103F-16F7-4668-BE54-9A1E7A4F7556}") = "BusinessLayer", "BusinessLayer\BusinessLayer.csproj", "{4BA2DF2B-C9DB-42B2-9260-B1B34F88C84D}"
EndProject
Project("{9A19103F-16F7-4668-BE54-9A1E7A4F7556}") = "DToLayer", "DToLayer\DToLayer.csproj", "{DC9FE626-F4A8-4E15-852B-8C5511C94E90}"
EndProject
Global
	GlobalSection(SolutionConfigurationPlatforms) = preSolution
		Debug|Any CPU = Debug|Any CPU
		Release|Any CPU = Release|Any CPU
	EndGlobalSection
	GlobalSection(ProjectConfigurationPlatforms) = postSolution
		{F6EDD5A7-5ED8-4BC1-8910-7ED364C471FE}.Debug|Any CPU.ActiveCfg = Debug|Any CPU
		{F6EDD5A7-5ED8-4BC1-8910-7ED364C471FE}.Debug|Any CPU.Build.0 = Debug|Any CPU
		{F6EDD5A7-5ED8-4BC1-8910-7ED364C471FE}.Release|Any CPU.ActiveCfg = Release|Any CPU
		{F6EDD5A7-5ED8-4BC1-8910-7ED364C471FE}.Release|Any CPU.Build.0 = Release|Any CPU
		{B083DAA3-376E-4A47-B3D0-52E3F120A9DC}.Debug|Any CPU.ActiveCfg = Debug|Any CPU
		{B083DAA3-376E-4A47-B3D0-52E3F120A9DC}.Debug|Any CPU.Build.0 = Debug|Any CPU
		{B083DAA3-376E-4A47-B3D0-52E3F120A9DC}.Release|Any CPU.ActiveCfg = Release|Any CPU
		{B083DAA3-376E-4A47-B3D0-52E3F120A9DC}.Release|Any CPU.Build.0 = Release|Any CPU
		{84600B65-E977-4FD8-BE58-FAF163AB97C2}.Debug|Any CPU.ActiveCfg = Debug|Any CPU
		{84600B65-E977-4FD8-BE58-FAF163AB97C2}.Debug|Any CPU.Build.0 = Debug|Any CPU
		{84600B65-E977-4FD8-BE58-FAF163AB97C2}.Release|Any CPU.ActiveCfg = Release|Any CPU
		{84600B65-E977-4FD8-BE58-FAF163AB97C2}.Release|Any CPU.Build.0 = Release|Any CPU
		{4BA2DF2B-C9DB-42B2-9260-B1B34F88C84D}.Debug|Any CPU.ActiveCfg = Debug|Any CPU
		{4BA2DF2B-C9DB-42B2-9260-B1B34F88C84D}.Debug|Any CPU.Build.0 = Debug|Any CPU
		{4BA2DF2B-C9DB-42B2-9260-B1B34F88C84D}.Release|Any CPU.ActiveCfg = Release|Any CPU
		{4BA2DF2B-C9DB-42B2-9260-B1B34F88C84D}.Release|Any CPU.Build.0 = Release|Any CPU
		{DC9FE626-F4A8-4E15-852B-8C5511C94E90}.Debug|Any CPU.ActiveCfg = Debug|Any CPU
		{DC9FE626-F4A8-4E15-852B-8C5511C94E90}.Debug|Any CPU.Build.0 = Debug|Any CPU
		{DC9FE626-F4A8-4E15-852B-8C5511C94E90}.Release|Any CPU.ActiveCfg = Release|Any CPU
		{DC9FE626-F4A8-4E15-852B-8C5511C94E90}.Release|Any CPU.Build.0 = Release|Any CPU
	EndGlobalSection
	GlobalSection(SolutionProperties) = preSolution
		HideSolutionNode = FALSE
	EndGlobalSection
	GlobalSection(ExtensibilityGlobals) = postSolution
		SolutionGuid = {4DCCDB8A-56D4-46B3-BDA8-FBE03023ACDE}
	EndGlobalSection
EndGlobal
